// !$*UTF8*$!
{
	archiveVersion = 1;
	classes = {
	};
	objectVersion = 56;
	objects = {

/* Begin PBXBuildFile section */
		BF1E25C12ACC60E9000F8218 /* ViewController3.swift in Sources */ = {isa = PBXBuildFile; fileRef = BF1E25C02ACC60E9000F8218 /* ViewController3.swift */; };
		BFDA80FA2ACC5C5C007C0344 /* AppDelegate.swift in Sources */ = {isa = PBXBuildFile; fileRef = BFDA80F92ACC5C5C007C0344 /* AppDelegate.swift */; };
		BFDA80FC2ACC5C5C007C0344 /* SceneDelegate.swift in Sources */ = {isa = PBXBuildFile; fileRef = BFDA80FB2ACC5C5C007C0344 /* SceneDelegate.swift */; };
		BFDA80FE2ACC5C5C007C0344 /* ViewController.swift in Sources */ = {isa = PBXBuildFile; fileRef = BFDA80FD2ACC5C5C007C0344 /* ViewController.swift */; };
		BFDA81012ACC5C5C007C0344 /* Main.storyboard in Resources */ = {isa = PBXBuildFile; fileRef = BFDA80FF2ACC5C5C007C0344 /* Main.storyboard */; };
		BFDA81042ACC5C5C007C0344 /* clickerGame.xcdatamodeld in Sources */ = {isa = PBXBuildFile; fileRef = BFDA81022ACC5C5C007C0344 /* clickerGame.xcdatamodeld */; };
		BFDA81062ACC5C5E007C0344 /* Assets.xcassets in Resources */ = {isa = PBXBuildFile; fileRef = BFDA81052ACC5C5E007C0344 /* Assets.xcassets */; };
		BFDA81092ACC5C5E007C0344 /* LaunchScreen.storyboard in Resources */ = {isa = PBXBuildFile; fileRef = BFDA81072ACC5C5E007C0344 /* LaunchScreen.storyboard */; };
		BFDA81142ACC5C5E007C0344 /* clickerGameTests.swift in Sources */ = {isa = PBXBuildFile; fileRef = BFDA81132ACC5C5E007C0344 /* clickerGameTests.swift */; };
		BFDA811E2ACC5C5E007C0344 /* clickerGameUITests.swift in Sources */ = {isa = PBXBuildFile; fileRef = BFDA811D2ACC5C5E007C0344 /* clickerGameUITests.swift */; };
		BFDA81202ACC5C5E007C0344 /* clickerGameUITestsLaunchTests.swift in Sources */ = {isa = PBXBuildFile; fileRef = BFDA811F2ACC5C5E007C0344 /* clickerGameUITestsLaunchTests.swift */; };
		BFDA812D2ACC5E28007C0344 /* ViewController2.swift in Sources */ = {isa = PBXBuildFile; fileRef = BFDA812C2ACC5E28007C0344 /* ViewController2.swift */; };
/* End PBXBuildFile section */

/* Begin PBXContainerItemProxy section */
		BFDA81102ACC5C5E007C0344 /* PBXContainerItemProxy */ = {
			isa = PBXContainerItemProxy;
			containerPortal = BFDA80EE2ACC5C5C007C0344 /* Project object */;
			proxyType = 1;
			remoteGlobalIDString = BFDA80F52ACC5C5C007C0344;
			remoteInfo = clickerGame;
		};
		BFDA811A2ACC5C5E007C0344 /* PBXContainerItemProxy */ = {
			isa = PBXContainerItemProxy;
			containerPortal = BFDA80EE2ACC5C5C007C0344 /* Project object */;
			proxyType = 1;
			remoteGlobalIDString = BFDA80F52ACC5C5C007C0344;
			remoteInfo = clickerGame;
		};
/* End PBXContainerItemProxy section */

/* Begin PBXFileReference section */
		BF1E25C02ACC60E9000F8218 /* ViewController3.swift */ = {isa = PBXFileReference; lastKnownFileType = sourcecode.swift; path = ViewController3.swift; sourceTree = "<group>"; };
		BFDA80F62ACC5C5C007C0344 /* clickerGame.app */ = {isa = PBXFileReference; explicitFileType = wrapper.application; includeInIndex = 0; path = clickerGame.app; sourceTree = BUILT_PRODUCTS_DIR; };
		BFDA80F92ACC5C5C007C0344 /* AppDelegate.swift */ = {isa = PBXFileReference; lastKnownFileType = sourcecode.swift; path = AppDelegate.swift; sourceTree = "<group>"; };
		BFDA80FB2ACC5C5C007C0344 /* SceneDelegate.swift */ = {isa = PBXFileReference; lastKnownFileType = sourcecode.swift; path = SceneDelegate.swift; sourceTree = "<group>"; };
		BFDA80FD2ACC5C5C007C0344 /* ViewController.swift */ = {isa = PBXFileReference; lastKnownFileType = sourcecode.swift; path = ViewController.swift; sourceTree = "<group>"; };
		BFDA81002ACC5C5C007C0344 /* Base */ = {isa = PBXFileReference; lastKnownFileType = file.storyboard; name = Base; path = Base.lproj/Main.storyboard; sourceTree = "<group>"; };
		BFDA81032ACC5C5C007C0344 /* clickerGame.xcdatamodel */ = {isa = PBXFileReference; lastKnownFileType = wrapper.xcdatamodel; path = clickerGame.xcdatamodel; sourceTree = "<group>"; };
		BFDA81052ACC5C5E007C0344 /* Assets.xcassets */ = {isa = PBXFileReference; lastKnownFileType = folder.assetcatalog; path = Assets.xcassets; sourceTree = "<group>"; };
		BFDA81082ACC5C5E007C0344 /* Base */ = {isa = PBXFileReference; lastKnownFileType = file.storyboard; name = Base; path = Base.lproj/LaunchScreen.storyboard; sourceTree = "<group>"; };
		BFDA810A2ACC5C5E007C0344 /* Info.plist */ = {isa = PBXFileReference; lastKnownFileType = text.plist.xml; path = Info.plist; sourceTree = "<group>"; };
		BFDA810F2ACC5C5E007C0344 /* clickerGameTests.xctest */ = {isa = PBXFileReference; explicitFileType = wrapper.cfbundle; includeInIndex = 0; path = clickerGameTests.xctest; sourceTree = BUILT_PRODUCTS_DIR; };
		BFDA81132ACC5C5E007C0344 /* clickerGameTests.swift */ = {isa = PBXFileReference; lastKnownFileType = sourcecode.swift; path = clickerGameTests.swift; sourceTree = "<group>"; };
		BFDA81192ACC5C5E007C0344 /* clickerGameUITests.xctest */ = {isa = PBXFileReference; explicitFileType = wrapper.cfbundle; includeInIndex = 0; path = clickerGameUITests.xctest; sourceTree = BUILT_PRODUCTS_DIR; };
		BFDA811D2ACC5C5E007C0344 /* clickerGameUITests.swift */ = {isa = PBXFileReference; lastKnownFileType = sourcecode.swift; path = clickerGameUITests.swift; sourceTree = "<group>"; };
		BFDA811F2ACC5C5E007C0344 /* clickerGameUITestsLaunchTests.swift */ = {isa = PBXFileReference; lastKnownFileType = sourcecode.swift; path = clickerGameUITestsLaunchTests.swift; sourceTree = "<group>"; };
		BFDA812C2ACC5E28007C0344 /* ViewController2.swift */ = {isa = PBXFileReference; lastKnownFileType = sourcecode.swift; path = ViewController2.swift; sourceTree = "<group>"; };
/* End PBXFileReference section */

/* Begin PBXFrameworksBuildPhase section */
		BFDA80F32ACC5C5C007C0344 /* Frameworks */ = {
			isa = PBXFrameworksBuildPhase;
			buildActionMask = 2147483647;
			files = (
			);
			runOnlyForDeploymentPostprocessing = 0;
		};
		BFDA810C2ACC5C5E007C0344 /* Frameworks */ = {
			isa = PBXFrameworksBuildPhase;
			buildActionMask = 2147483647;
			files = (
			);
			runOnlyForDeploymentPostprocessing = 0;
		};
		BFDA81162ACC5C5E007C0344 /* Frameworks */ = {
			isa = PBXFrameworksBuildPhase;
			buildActionMask = 2147483647;
			files = (
			);
			runOnlyForDeploymentPostprocessing = 0;
		};
/* End PBXFrameworksBuildPhase section */

/* Begin PBXGroup section */
		BFDA80ED2ACC5C5C007C0344 = {
			isa = PBXGroup;
			children = (
				BFDA80F82ACC5C5C007C0344 /* clickerGame */,
				BFDA81122ACC5C5E007C0344 /* clickerGameTests */,
				BFDA811C2ACC5C5E007C0344 /* clickerGameUITests */,
				BFDA80F72ACC5C5C007C0344 /* Products */,
			);
			sourceTree = "<group>";
		};
		BFDA80F72ACC5C5C007C0344 /* Products */ = {
			isa = PBXGroup;
			children = (
				BFDA80F62ACC5C5C007C0344 /* clickerGame.app */,
				BFDA810F2ACC5C5E007C0344 /* clickerGameTests.xctest */,
				BFDA81192ACC5C5E007C0344 /* clickerGameUITests.xctest */,
			);
			name = Products;
			sourceTree = "<group>";
		};
		BFDA80F82ACC5C5C007C0344 /* clickerGame */ = {
			isa = PBXGroup;
			children = (
				BFDA812C2ACC5E28007C0344 /* ViewController2.swift */,
				BFDA80F92ACC5C5C007C0344 /* AppDelegate.swift */,
				BFDA80FB2ACC5C5C007C0344 /* SceneDelegate.swift */,
				BFDA80FD2ACC5C5C007C0344 /* ViewController.swift */,
				BFDA80FF2ACC5C5C007C0344 /* Main.storyboard */,
				BF1E25C02ACC60E9000F8218 /* ViewController3.swift */,
				BFDA81052ACC5C5E007C0344 /* Assets.xcassets */,
				BFDA81072ACC5C5E007C0344 /* LaunchScreen.storyboard */,
				BFDA810A2ACC5C5E007C0344 /* Info.plist */,
				BFDA81022ACC5C5C007C0344 /* clickerGame.xcdatamodeld */,
			);
			path = clickerGame;
			sourceTree = "<group>";
		};
		BFDA81122ACC5C5E007C0344 /* clickerGameTests */ = {
			isa = PBXGroup;
			children = (
				BFDA81132ACC5C5E007C0344 /* clickerGameTests.swift */,
			);
			path = clickerGameTests;
			sourceTree = "<group>";
		};
		BFDA811C2ACC5C5E007C0344 /* clickerGameUITests */ = {
			isa = PBXGroup;
			children = (
				BFDA811D2ACC5C5E007C0344 /* clickerGameUITests.swift */,
				BFDA811F2ACC5C5E007C0344 /* clickerGameUITestsLaunchTests.swift */,
			);
			path = clickerGameUITests;
			sourceTree = "<group>";
		};
/* End PBXGroup section */

/* Begin PBXNativeTarget section */
		BFDA80F52ACC5C5C007C0344 /* clickerGame */ = {
			isa = PBXNativeTarget;
			buildConfigurationList = BFDA81232ACC5C5E007C0344 /* Build configuration list for PBXNativeTarget "clickerGame" */;
			buildPhases = (
				BFDA80F22ACC5C5C007C0344 /* Sources */,
				BFDA80F32ACC5C5C007C0344 /* Frameworks */,
				BFDA80F42ACC5C5C007C0344 /* Resources */,
			);
			buildRules = (
			);
			dependencies = (
			);
			name = clickerGame;
			productName = clickerGame;
			productReference = BFDA80F62ACC5C5C007C0344 /* clickerGame.app */;
			productType = "com.apple.product-type.application";
		};
		BFDA810E2ACC5C5E007C0344 /* clickerGameTests */ = {
			isa = PBXNativeTarget;
			buildConfigurationList = BFDA81262ACC5C5E007C0344 /* Build configuration list for PBXNativeTarget "clickerGameTests" */;
			buildPhases = (
				BFDA810B2ACC5C5E007C0344 /* Sources */,
				BFDA810C2ACC5C5E007C0344 /* Frameworks */,
				BFDA810D2ACC5C5E007C0344 /* Resources */,
			);
			buildRules = (
			);
			dependencies = (
				BFDA81112ACC5C5E007C0344 /* PBXTargetDependency */,
			);
			name = clickerGameTests;
			productName = clickerGameTests;
			productReference = BFDA810F2ACC5C5E007C0344 /* clickerGameTests.xctest */;
			productType = "com.apple.product-type.bundle.unit-test";
		};
		BFDA81182ACC5C5E007C0344 /* clickerGameUITests */ = {
			isa = PBXNativeTarget;
			buildConfigurationList = BFDA81292ACC5C5E007C0344 /* Build configuration list for PBXNativeTarget "clickerGameUITests" */;
			buildPhases = (
				BFDA81152ACC5C5E007C0344 /* Sources */,
				BFDA81162ACC5C5E007C0344 /* Frameworks */,
				BFDA81172ACC5C5E007C0344 /* Resources */,
			);
			buildRules = (
			);
			dependencies = (
				BFDA811B2ACC5C5E007C0344 /* PBXTargetDependency */,
			);
			name = clickerGameUITests;
			productName = clickerGameUITests;
			productReference = BFDA81192ACC5C5E007C0344 /* clickerGameUITests.xctest */;
			productType = "com.apple.product-type.bundle.ui-testing";
		};
/* End PBXNativeTarget section */

/* Begin PBXProject section */
		BFDA80EE2ACC5C5C007C0344 /* Project object */ = {
			isa = PBXProject;
			attributes = {
				BuildIndependentTargetsInParallel = 1;
				LastSwiftUpdateCheck = 1430;
				LastUpgradeCheck = 1430;
				TargetAttributes = {
					BFDA80F52ACC5C5C007C0344 = {
						CreatedOnToolsVersion = 14.3.1;
					};
					BFDA810E2ACC5C5E007C0344 = {
						CreatedOnToolsVersion = 14.3.1;
						TestTargetID = BFDA80F52ACC5C5C007C0344;
					};
					BFDA81182ACC5C5E007C0344 = {
						CreatedOnToolsVersion = 14.3.1;
						TestTargetID = BFDA80F52ACC5C5C007C0344;
					};
				};
			};
			buildConfigurationList = BFDA80F12ACC5C5C007C0344 /* Build configuration list for PBXProject "clickerGame" */;
			compatibilityVersion = "Xcode 14.0";
			developmentRegion = en;
			hasScannedForEncodings = 0;
			knownRegions = (
				en,
				Base,
			);
			mainGroup = BFDA80ED2ACC5C5C007C0344;
			productRefGroup = BFDA80F72ACC5C5C007C0344 /* Products */;
			projectDirPath = "";
			projectRoot = "";
			targets = (
				BFDA80F52ACC5C5C007C0344 /* clickerGame */,
				BFDA810E2ACC5C5E007C0344 /* clickerGameTests */,
				BFDA81182ACC5C5E007C0344 /* clickerGameUITests */,
			);
		};
/* End PBXProject section */

/* Begin PBXResourcesBuildPhase section */
		BFDA80F42ACC5C5C007C0344 /* Resources */ = {
			isa = PBXResourcesBuildPhase;
			buildActionMask = 2147483647;
			files = (
				BFDA81092ACC5C5E007C0344 /* LaunchScreen.storyboard in Resources */,
				BFDA81062ACC5C5E007C0344 /* Assets.xcassets in Resources */,
				BFDA81012ACC5C5C007C0344 /* Main.storyboard in Resources */,
			);
			runOnlyForDeploymentPostprocessing = 0;
		};
		BFDA810D2ACC5C5E007C0344 /* Resources */ = {
			isa = PBXResourcesBuildPhase;
			buildActionMask = 2147483647;
			files = (
			);
			runOnlyForDeploymentPostprocessing = 0;
		};
		BFDA81172ACC5C5E007C0344 /* Resources */ = {
			isa = PBXResourcesBuildPhase;
			buildActionMask = 2147483647;
			files = (
			);
			runOnlyForDeploymentPostprocessing = 0;
		};
/* End PBXResourcesBuildPhase section */

/* Begin PBXSourcesBuildPhase section */
		BFDA80F22ACC5C5C007C0344 /* Sources */ = {
			isa = PBXSourcesBuildPhase;
			buildActionMask = 2147483647;
			files = (
				BFDA812D2ACC5E28007C0344 /* ViewController2.swift in Sources */,
				BFDA80FE2ACC5C5C007C0344 /* ViewController.swift in Sources */,
				BF1E25C12ACC60E9000F8218 /* ViewController3.swift in Sources */,
				BFDA80FA2ACC5C5C007C0344 /* AppDelegate.swift in Sources */,
				BFDA80FC2ACC5C5C007C0344 /* SceneDelegate.swift in Sources */,
				BFDA81042ACC5C5C007C0344 /* clickerGame.xcdatamodeld in Sources */,
			);
			runOnlyForDeploymentPostprocessing = 0;
		};
		BFDA810B2ACC5C5E007C0344 /* Sources */ = {
			isa = PBXSourcesBuildPhase;
			buildActionMask = 2147483647;
			files = (
				BFDA81142ACC5C5E007C0344 /* clickerGameTests.swift in Sources */,
			);
			runOnlyForDeploymentPostprocessing = 0;
		};
		BFDA81152ACC5C5E007C0344 /* Sources */ = {
			isa = PBXSourcesBuildPhase;
			buildActionMask = 2147483647;
			files = (
				BFDA81202ACC5C5E007C0344 /* clickerGameUITestsLaunchTests.swift in Sources */,
				BFDA811E2ACC5C5E007C0344 /* clickerGameUITests.swift in Sources */,
			);
			runOnlyForDeploymentPostprocessing = 0;
		};
/* End PBXSourcesBuildPhase section */

/* Begin PBXTargetDependency section */
		BFDA81112ACC5C5E007C0344 /* PBXTargetDependency */ = {
			isa = PBXTargetDependency;
			target = BFDA80F52ACC5C5C007C0344 /* clickerGame */;
			targetProxy = BFDA81102ACC5C5E007C0344 /* PBXContainerItemProxy */;
		};
		BFDA811B2ACC5C5E007C0344 /* PBXTargetDependency */ = {
			isa = PBXTargetDependency;
			target = BFDA80F52ACC5C5C007C0344 /* clickerGame */;
			targetProxy = BFDA811A2ACC5C5E007C0344 /* PBXContainerItemProxy */;
		};
/* End PBXTargetDependency section */

/* Begin PBXVariantGroup section */
		BFDA80FF2ACC5C5C007C0344 /* Main.storyboard */ = {
			isa = PBXVariantGroup;
			children = (
				BFDA81002ACC5C5C007C0344 /* Base */,
			);
			name = Main.storyboard;
			sourceTree = "<group>";
		};
		BFDA81072ACC5C5E007C0344 /* LaunchScreen.storyboard */ = {
			isa = PBXVariantGroup;
			children = (
				BFDA81082ACC5C5E007C0344 /* Base */,
			);
			name = LaunchScreen.storyboard;
			sourceTree = "<group>";
		};
/* End PBXVariantGroup section */

/* Begin XCBuildConfiguration section */
		BFDA81212ACC5C5E007C0344 /* Debug */ = {
			isa = XCBuildConfiguration;
			buildSettings = {
				ALWAYS_SEARCH_USER_PATHS = NO;
				CLANG_ANALYZER_NONNULL = YES;
				CLANG_ANALYZER_NUMBER_OBJECT_CONVERSION = YES_AGGRESSIVE;
				CLANG_CXX_LANGUAGE_STANDARD = "gnu++20";
				CLANG_ENABLE_MODULES = YES;
				CLANG_ENABLE_OBJC_ARC = YES;
				CLANG_ENABLE_OBJC_WEAK = YES;
				CLANG_WARN_BLOCK_CAPTURE_AUTORELEASING = YES;
				CLANG_WARN_BOOL_CONVERSION = YES;
				CLANG_WARN_COMMA = YES;
				CLANG_WARN_CONSTANT_CONVERSION = YES;
				CLANG_WARN_DEPRECATED_OBJC_IMPLEMENTATIONS = YES;
				CLANG_WARN_DIRECT_OBJC_ISA_USAGE = YES_ERROR;
				CLANG_WARN_DOCUMENTATION_COMMENTS = YES;
				CLANG_WARN_EMPTY_BODY = YES;
				CLANG_WARN_ENUM_CONVERSION = YES;
				CLANG_WARN_INFINITE_RECURSION = YES;
				CLANG_WARN_INT_CONVERSION = YES;
				CLANG_WARN_NON_LITERAL_NULL_CONVERSION = YES;
				CLANG_WARN_OBJC_IMPLICIT_RETAIN_SELF = YES;
				CLANG_WARN_OBJC_LITERAL_CONVERSION = YES;
				CLANG_WARN_OBJC_ROOT_CLASS = YES_ERROR;
				CLANG_WARN_QUOTED_INCLUDE_IN_FRAMEWORK_HEADER = YES;
				CLANG_WARN_RANGE_LOOP_ANALYSIS = YES;
				CLANG_WARN_STRICT_PROTOTYPES = YES;
				CLANG_WARN_SUSPICIOUS_MOVE = YES;
				CLANG_WARN_UNGUARDED_AVAILABILITY = YES_AGGRESSIVE;
				CLANG_WARN_UNREACHABLE_CODE = YES;
				CLANG_WARN__DUPLICATE_METHOD_MATCH = YES;
				COPY_PHASE_STRIP = NO;
				DEBUG_INFORMATION_FORMAT = dwarf;
				ENABLE_STRICT_OBJC_MSGSEND = YES;
				ENABLE_TESTABILITY = YES;
				GCC_C_LANGUAGE_STANDARD = gnu11;
				GCC_DYNAMIC_NO_PIC = NO;
				GCC_NO_COMMON_BLOCKS = YES;
				GCC_OPTIMIZATION_LEVEL = 0;
				GCC_PREPROCESSOR_DEFINITIONS = (
					"DEBUG=1",
					"$(inherited)",
				);
				GCC_WARN_64_TO_32_BIT_CONVERSION = YES;
				GCC_WARN_ABOUT_RETURN_TYPE = YES_ERROR;
				GCC_WARN_UNDECLARED_SELECTOR = YES;
				GCC_WARN_UNINITIALIZED_AUTOS = YES_AGGRESSIVE;
				GCC_WARN_UNUSED_FUNCTION = YES;
				GCC_WARN_UNUSED_VARIABLE = YES;
				IPHONEOS_DEPLOYMENT_TARGET = 16.4;
				MTL_ENABLE_DEBUG_INFO = INCLUDE_SOURCE;
				MTL_FAST_MATH = YES;
				ONLY_ACTIVE_ARCH = YES;
				SDKROOT = iphoneos;
				SWIFT_ACTIVE_COMPILATION_CONDITIONS = DEBUG;
				SWIFT_OPTIMIZATION_LEVEL = "-Onone";
			};
			name = Debug;
		};
		BFDA81222ACC5C5E007C0344 /* Release */ = {
			isa = XCBuildConfiguration;
			buildSettings = {
				ALWAYS_SEARCH_USER_PATHS = NO;
				CLANG_ANALYZER_NONNULL = YES;
				CLANG_ANALYZER_NUMBER_OBJECT_CONVERSION = YES_AGGRESSIVE;
				CLANG_CXX_LANGUAGE_STANDARD = "gnu++20";
				CLANG_ENABLE_MODULES = YES;
				CLANG_ENABLE_OBJC_ARC = YES;
				CLANG_ENABLE_OBJC_WEAK = YES;
				CLANG_WARN_BLOCK_CAPTURE_AUTORELEASING = YES;
				CLANG_WARN_BOOL_CONVERSION = YES;
				CLANG_WARN_COMMA = YES;
				CLANG_WARN_CONSTANT_CONVERSION = YES;
				CLANG_WARN_DEPRECATED_OBJC_IMPLEMENTATIONS = YES;
				CLANG_WARN_DIRECT_OBJC_ISA_USAGE = YES_ERROR;
				CLANG_WARN_DOCUMENTATION_COMMENTS = YES;
				CLANG_WARN_EMPTY_BODY = YES;
				CLANG_WARN_ENUM_CONVERSION = YES;
				CLANG_WARN_INFINITE_RECURSION = YES;
				CLANG_WARN_INT_CONVERSION = YES;
				CLANG_WARN_NON_LITERAL_NULL_CONVERSION = YES;
				CLANG_WARN_OBJC_IMPLICIT_RETAIN_SELF = YES;
				CLANG_WARN_OBJC_LITERAL_CONVERSION = YES;
				CLANG_WARN_OBJC_ROOT_CLASS = YES_ERROR;
				CLANG_WARN_QUOTED_INCLUDE_IN_FRAMEWORK_HEADER = YES;
				CLANG_WARN_RANGE_LOOP_ANALYSIS = YES;
				CLANG_WARN_STRICT_PROTOTYPES = YES;
				CLANG_WARN_SUSPICIOUS_MOVE = YES;
				CLANG_WARN_UNGUARDED_AVAILABILITY = YES_AGGRESSIVE;
				CLANG_WARN_UNREACHABLE_CODE = YES;
				CLANG_WARN__DUPLICATE_METHOD_MATCH = YES;
				COPY_PHASE_STRIP = NO;
				DEBUG_INFORMATION_FORMAT = "dwarf-with-dsym";
				ENABLE_NS_ASSERTIONS = NO;
				ENABLE_STRICT_OBJC_MSGSEND = YES;
				GCC_C_LANGUAGE_STANDARD = gnu11;
				GCC_NO_COMMON_BLOCKS = YES;
				GCC_WARN_64_TO_32_BIT_CONVERSION = YES;
				GCC_WARN_ABOUT_RETURN_TYPE = YES_ERROR;
				GCC_WARN_UNDECLARED_SELECTOR = YES;
				GCC_WARN_UNINITIALIZED_AUTOS = YES_AGGRESSIVE;
				GCC_WARN_UNUSED_FUNCTION = YES;
				GCC_WARN_UNUSED_VARIABLE = YES;
				IPHONEOS_DEPLOYMENT_TARGET = 16.4;
				MTL_ENABLE_DEBUG_INFO = NO;
				MTL_FAST_MATH = YES;
				SDKROOT = iphoneos;
				SWIFT_COMPILATION_MODE = wholemodule;
				SWIFT_OPTIMIZATION_LEVEL = "-O";
				VALIDATE_PRODUCT = YES;
			};
			name = Release;
		};
		BFDA81242ACC5C5E007C0344 /* Debug */ = {
			isa = XCBuildConfiguration;
			buildSettings = {
				ASSETCATALOG_COMPILER_APPICON_NAME = AppIcon;
				ASSETCATALOG_COMPILER_GLOBAL_ACCENT_COLOR_NAME = AccentColor;
				CODE_SIGN_STYLE = Automatic;
				CURRENT_PROJECT_VERSION = 1;
				DEVELOPMENT_TEAM = AYD3L47SWZ;
				GENERATE_INFOPLIST_FILE = YES;
				INFOPLIST_FILE = clickerGame/Info.plist;
				INFOPLIST_KEY_UIApplicationSupportsIndirectInputEvents = YES;
				INFOPLIST_KEY_UILaunchStoryboardName = LaunchScreen;
				INFOPLIST_KEY_UIMainStoryboardFile = Main;
				INFOPLIST_KEY_UISupportedInterfaceOrientations_iPad = "UIInterfaceOrientationPortrait UIInterfaceOrientationPortraitUpsideDown UIInterfaceOrientationLandscapeLeft UIInterfaceOrientationLandscapeRight";
				INFOPLIST_KEY_UISupportedInterfaceOrientations_iPhone = "UIInterfaceOrientationPortrait UIInterfaceOrientationLandscapeLeft UIInterfaceOrientationLandscapeRight";
				LD_RUNPATH_SEARCH_PATHS = (
					"$(inherited)",
					"@executable_path/Frameworks",
				);
				MARKETING_VERSION = 1.0;
				PRODUCT_BUNDLE_IDENTIFIER = clc.clickerGame;
				PRODUCT_NAME = "$(TARGET_NAME)";
				SWIFT_EMIT_LOC_STRINGS = YES;
				SWIFT_VERSION = 5.0;
				TARGETED_DEVICE_FAMILY = "1,2";
			};
			name = Debug;
		};
		BFDA81252ACC5C5E007C0344 /* Release */ = {
			isa = XCBuildConfiguration;
			buildSettings = {
				ASSETCATALOG_COMPILER_APPICON_NAME = AppIcon;
				ASSETCATALOG_COMPILER_GLOBAL_ACCENT_COLOR_NAME = AccentColor;
				CODE_SIGN_STYLE = Automatic;
				CURRENT_PROJECT_VERSION = 1;
				DEVELOPMENT_TEAM = AYD3L47SWZ;
				GENERATE_INFOPLIST_FILE = YES;
				INFOPLIST_FILE = clickerGame/Info.plist;
				INFOPLIST_KEY_UIApplicationSupportsIndirectInputEvents = YES;
				INFOPLIST_KEY_UILaunchStoryboardName = LaunchScreen;
				INFOPLIST_KEY_UIMainStoryboardFile = Main;
				INFOPLIST_KEY_UISupportedInterfaceOrientations_iPad = "UIInterfaceOrientationPortrait UIInterfaceOrientationPortraitUpsideDown UIInterfaceOrientationLandscapeLeft UIInterfaceOrientationLandscapeRight";
				INFOPLIST_KEY_UISupportedInterfaceOrientations_iPhone = "UIInterfaceOrientationPortrait UIInterfaceOrientationLandscapeLeft UIInterfaceOrientationLandscapeRight";
				LD_RUNPATH_SEARCH_PATHS = (
					"$(inherited)",
					"@executable_path/Frameworks",
				);
				MARKETING_VERSION = 1.0;
				PRODUCT_BUNDLE_IDENTIFIER = clc.clickerGame;
				PRODUCT_NAME = "$(TARGET_NAME)";
				SWIFT_EMIT_LOC_STRINGS = YES;
				SWIFT_VERSION = 5.0;
				TARGETED_DEVICE_FAMILY = "1,2";
			};
			name = Release;
		};
		BFDA81272ACC5C5E007C0344 /* Debug */ = {
			isa = XCBuildConfiguration;
			buildSettings = {
				ALWAYS_EMBED_SWIFT_STANDARD_LIBRARIES = YES;
				BUNDLE_LOADER = "$(TEST_HOST)";
				CODE_SIGN_STYLE = Automatic;
				CURRENT_PROJECT_VERSION = 1;
				DEVELOPMENT_TEAM = AYD3L47SWZ;
				GENERATE_INFOPLIST_FILE = YES;
				IPHONEOS_DEPLOYMENT_TARGET = 16.4;
				MARKETING_VERSION = 1.0;
				PRODUCT_BUNDLE_IDENTIFIER = clc.clickerGameTests;
				PRODUCT_NAME = "$(TARGET_NAME)";
				SWIFT_EMIT_LOC_STRINGS = NO;
				SWIFT_VERSION = 5.0;
				TARGETED_DEVICE_FAMILY = "1,2";
				TEST_HOST = "$(BUILT_PRODUCTS_DIR)/clickerGame.app/$(BUNDLE_EXECUTABLE_FOLDER_PATH)/clickerGame";
			};
			name = Debug;
		};
		BFDA81282ACC5C5E007C0344 /* Release */ = {
			isa = XCBuildConfiguration;
			buildSettings = {
				ALWAYS_EMBED_SWIFT_STANDARD_LIBRARIES = YES;
				BUNDLE_LOADER = "$(TEST_HOST)";
				CODE_SIGN_STYLE = Automatic;
				CURRENT_PROJECT_VERSION = 1;
				DEVELOPMENT_TEAM = AYD3L47SWZ;
				GENERATE_INFOPLIST_FILE = YES;
				IPHONEOS_DEPLOYMENT_TARGET = 16.4;
				MARKETING_VERSION = 1.0;
				PRODUCT_BUNDLE_IDENTIFIER = clc.clickerGameTests;
				PRODUCT_NAME = "$(TARGET_NAME)";
				SWIFT_EMIT_LOC_STRINGS = NO;
				SWIFT_VERSION = 5.0;
				TARGETED_DEVICE_FAMILY = "1,2";
				TEST_HOST = "$(BUILT_PRODUCTS_DIR)/clickerGame.app/$(BUNDLE_EXECUTABLE_FOLDER_PATH)/clickerGame";
			};
			name = Release;
		};
		BFDA812A2ACC5C5E007C0344 /* Debug */ = {
			isa = XCBuildConfiguration;
			buildSettings = {
				ALWAYS_EMBED_SWIFT_STANDARD_LIBRARIES = YES;
				CODE_SIGN_STYLE = Automatic;
				CURRENT_PROJECT_VERSION = 1;
				DEVELOPMENT_TEAM = AYD3L47SWZ;
				GENERATE_INFOPLIST_FILE = YES;
				MARKETING_VERSION = 1.0;
				PRODUCT_BUNDLE_IDENTIFIER = clc.clickerGameUITests;
				PRODUCT_NAME = "$(TARGET_NAME)";
				SWIFT_EMIT_LOC_STRINGS = NO;
				SWIFT_VERSION = 5.0;
				TARGETED_DEVICE_FAMILY = "1,2";
				TEST_TARGET_NAME = clickerGame;
			};
			name = Debug;
		};
		BFDA812B2ACC5C5E007C0344 /* Release */ = {
			isa = XCBuildConfiguration;
			buildSettings = {
				ALWAYS_EMBED_SWIFT_STANDARD_LIBRARIES = YES;
				CODE_SIGN_STYLE = Automatic;
				CURRENT_PROJECT_VERSION = 1;
				DEVELOPMENT_TEAM = AYD3L47SWZ;
				GENERATE_INFOPLIST_FILE = YES;
				MARKETING_VERSION = 1.0;
				PRODUCT_BUNDLE_IDENTIFIER = clc.clickerGameUITests;
				PRODUCT_NAME = "$(TARGET_NAME)";
				SWIFT_EMIT_LOC_STRINGS = NO;
				SWIFT_VERSION = 5.0;
				TARGETED_DEVICE_FAMILY = "1,2";
				TEST_TARGET_NAME = clickerGame;
			};
			name = Release;
		};
/* End XCBuildConfiguration section */

/* Begin XCConfigurationList section */
		BFDA80F12ACC5C5C007C0344 /* Build configuration list for PBXProject "clickerGame" */ = {
			isa = XCConfigurationList;
			buildConfigurations = (
				BFDA81212ACC5C5E007C0344 /* Debug */,
				BFDA81222ACC5C5E007C0344 /* Release */,
			);
			defaultConfigurationIsVisible = 0;
			defaultConfigurationName = Release;
		};
		BFDA81232ACC5C5E007C0344 /* Build configuration list for PBXNativeTarget "clickerGame" */ = {
			isa = XCConfigurationList;
			buildConfigurations = (
				BFDA81242ACC5C5E007C0344 /* Debug */,
				BFDA81252ACC5C5E007C0344 /* Release */,
			);
			defaultConfigurationIsVisible = 0;
			defaultConfigurationName = Release;
		};
		BFDA81262ACC5C5E007C0344 /* Build configuration list for PBXNativeTarget "clickerGameTests" */ = {
			isa = XCConfigurationList;
			buildConfigurations = (
				BFDA81272ACC5C5E007C0344 /* Debug */,
				BFDA81282ACC5C5E007C0344 /* Release */,
			);
			defaultConfigurationIsVisible = 0;
			defaultConfigurationName = Release;
		};
		BFDA81292ACC5C5E007C0344 /* Build configuration list for PBXNativeTarget "clickerGameUITests" */ = {
			isa = XCConfigurationList;
			buildConfigurations = (
				BFDA812A2ACC5C5E007C0344 /* Debug */,
				BFDA812B2ACC5C5E007C0344 /* Release */,
			);
			defaultConfigurationIsVisible = 0;
			defaultConfigurationName = Release;
		};
/* End XCConfigurationList section */

/* Begin XCVersionGroup section */
		BFDA81022ACC5C5C007C0344 /* clickerGame.xcdatamodeld */ = {
			isa = XCVersionGroup;
			children = (
				BFDA81032ACC5C5C007C0344 /* clickerGame.xcdatamodel */,
			);
			currentVersion = BFDA81032ACC5C5C007C0344 /* clickerGame.xcdatamodel */;
			path = clickerGame.xcdatamodeld;
			sourceTree = "<group>";
			versionGroupType = wrapper.xcdatamodel;
		};
/* End XCVersionGroup section */
	};
	rootObject = BFDA80EE2ACC5C5C007C0344 /* Project object */;
}
